{
  "name": "nit",
  "version": "10.2.0",
  "lockfileVersion": 3,
  "requires": true,
  "packages": {
    "": {
      "name": "nit",
      "version": "10.2.0",
      "license": "MIT",
      "dependencies": {
        "nit": "github:bradley-t-t/nit#main"
      },
      "bin": {
        "nit": "src/index.js"
      },
      "engines": {
        "node": ">=18.0.0"
      }
    },
    "node_modules/nit": {
      "version": "10.2.0",
      "resolved": "git+ssh://git@github.com/bradley-t-t/nit.git#b3934237f150e3f155f7f6d1a4ff47f8c78ea5e8",
      "license": "MIT",
      "bin": {
        "nit": "src/index.js"
      },
      "engines": {
        "node": ">=18.0.0"
      }
    }
  }
}
